
Microsoft Visual Studio Solution File, Format Version 12.00
# Visual Studio Version 16
VisualStudioVersion = 16.0.29326.143
MinimumVisualStudioVersion = 10.0.40219.1
Project("{FAE04EC0-301F-11D3-BF4B-00C04F79EFBC}") = "ComedyEvents", "ComedyEvents\ComedyEvents.csproj", "{19675758-CE5D-4AAD-BDE9-23010FCBDD13}"
EndProject
Global
	GlobalSection(SolutionConfigurationPlatforms) = preSolution
		Debug|Any CPU = Debug|Any CPU
		Release|Any CPU = Release|Any CPU
	EndGlobalSection
	GlobalSection(ProjectConfigurationPlatforms) = postSolution
		{19675758-CE5D-4AAD-BDE9-23010FCBDD13}.Debug|Any CPU.ActiveCfg = Debug|Any CPU
		{19675758-CE5D-4AAD-BDE9-23010FCBDD13}.Debug|Any CPU.Build.0 = Debug|Any CPU
		{19675758-CE5D-4AAD-BDE9-23010FCBDD13}.Release|Any CPU.ActiveCfg = Release|Any CPU
		{19675758-CE5D-4AAD-BDE9-23010FCBDD13}.Release|Any CPU.Build.0 = Release|Any CPU
	EndGlobalSection
	GlobalSection(SolutionProperties) = preSolution
		HideSolutionNode = FALSE
	EndGlobalSection
	GlobalSection(ExtensibilityGlobals) = postSolution
		SolutionGuid = {219BDAD2-D1B4-4393-9692-B4672AA75EB6}
	EndGlobalSection
EndGlobal
